
Microsoft Visual Studio Solution File, Format Version 12.00
# Visual Studio Version 16
VisualStudioVersion = 16.0.31624.102
MinimumVisualStudioVersion = 10.0.40219.1
Project("{888888A0-9F3D-457C-B088-3A5042F75D52}") = "debugger", "debugger.pyproj", "{A2189D4C-9C93-4EFC-92D9-541771D8F5F0}"
EndProject
Global
	GlobalSection(SolutionConfigurationPlatforms) = preSolution
		Debug|Any CPU = Debug|Any CPU
		Release|Any CPU = Release|Any CPU
	EndGlobalSection
	GlobalSection(ProjectConfigurationPlatforms) = postSolution
		{A2189D4C-9C93-4EFC-92D9-541771D8F5F0}.Debug|Any CPU.ActiveCfg = Debug|Any CPU
		{A2189D4C-9C93-4EFC-92D9-541771D8F5F0}.Release|Any CPU.ActiveCfg = Release|Any CPU
	EndGlobalSection
	GlobalSection(SolutionProperties) = preSolution
		HideSolutionNode = FALSE
	EndGlobalSection
	GlobalSection(ExtensibilityGlobals) = postSolution
		SolutionGuid = {3E36789D-90A0-42F6-926B-9109BE16F903}
	EndGlobalSection
EndGlobal
